
Microsoft Visual Studio Solution File, Format Version 12.00
# Visual Studio Version 17
VisualStudioVersion = 17.8.34511.84
MinimumVisualStudioVersion = 10.0.40219.1
Project("{FAE04EC0-301F-11D3-BF4B-00C04F79EFBC}") = "DenemeProjem3", "DenemeProjem3\DenemeProjem3.csproj", "{A6BC2A33-02A3-4B78-9DDE-0ABA8562075A}"
EndProject
Global
	GlobalSection(SolutionConfigurationPlatforms) = preSolution
		Debug|Any CPU = Debug|Any CPU
		Release|Any CPU = Release|Any CPU
	EndGlobalSection
	GlobalSection(ProjectConfigurationPlatforms) = postSolution
		{A6BC2A33-02A3-4B78-9DDE-0ABA8562075A}.Debug|Any CPU.ActiveCfg = Debug|Any CPU
		{A6BC2A33-02A3-4B78-9DDE-0ABA8562075A}.Debug|Any CPU.Build.0 = Debug|Any CPU
		{A6BC2A33-02A3-4B78-9DDE-0ABA8562075A}.Release|Any CPU.ActiveCfg = Release|Any CPU
		{A6BC2A33-02A3-4B78-9DDE-0ABA8562075A}.Release|Any CPU.Build.0 = Release|Any CPU
	EndGlobalSection
	GlobalSection(SolutionProperties) = preSolution
		HideSolutionNode = FALSE
	EndGlobalSection
	GlobalSection(ExtensibilityGlobals) = postSolution
		SolutionGuid = {32574347-43CD-4D8B-9569-A4E482131EE6}
	EndGlobalSection
EndGlobal
